
Microsoft Visual Studio Solution File, Format Version 12.00
# Visual Studio Version 17
VisualStudioVersion = 17.1.32407.343
MinimumVisualStudioVersion = 10.0.40219.1
Project("{8BC9CEB8-8B4A-11D0-8D11-00A0C91BC942}") = "Bilal_Muhammad", "Bilal_Muhammad\Bilal_Muhammad.vcxproj", "{1A212355-EAB1-4E54-A78D-9087990FBFBB}"
EndProject
Global
	GlobalSection(SolutionConfigurationPlatforms) = preSolution
		Debug|x64 = Debug|x64
		Debug|x86 = Debug|x86
		Release|x64 = Release|x64
		Release|x86 = Release|x86
	EndGlobalSection
	GlobalSection(ProjectConfigurationPlatforms) = postSolution
		{1A212355-EAB1-4E54-A78D-9087990FBFBB}.Debug|x64.ActiveCfg = Debug|x64
		{1A212355-EAB1-4E54-A78D-9087990FBFBB}.Debug|x64.Build.0 = Debug|x64
		{1A212355-EAB1-4E54-A78D-9087990FBFBB}.Debug|x86.ActiveCfg = Debug|Win32
		{1A212355-EAB1-4E54-A78D-9087990FBFBB}.Debug|x86.Build.0 = Debug|Win32
		{1A212355-EAB1-4E54-A78D-9087990FBFBB}.Release|x64.ActiveCfg = Release|x64
		{1A212355-EAB1-4E54-A78D-9087990FBFBB}.Release|x64.Build.0 = Release|x64
		{1A212355-EAB1-4E54-A78D-9087990FBFBB}.Release|x86.ActiveCfg = Release|Win32
		{1A212355-EAB1-4E54-A78D-9087990FBFBB}.Release|x86.Build.0 = Release|Win32
	EndGlobalSection
	GlobalSection(SolutionProperties) = preSolution
		HideSolutionNode = FALSE
	EndGlobalSection
	GlobalSection(ExtensibilityGlobals) = postSolution
		SolutionGuid = {0B02907D-C2C8-435F-9C42-852AFF9808E4}
	EndGlobalSection
EndGlobal
